
Microsoft Visual Studio Solution File, Format Version 12.00
# Visual Studio 15
VisualStudioVersion = 15.0.28307.902
MinimumVisualStudioVersion = 10.0.40219.1
Project("{FAE04EC0-301F-11D3-BF4B-00C04F79EFBC}") = "TreinaWeb.Musicas.Web", "TreinaWeb.Musicas.Web\TreinaWeb.Musicas.Web.csproj", "{296B2FDB-B189-4110-9714-1F604FB7D6F8}"
EndProject
Project("{2150E333-8FDC-42A3-9474-1A3956D46DE8}") = "Dominio", "Dominio", "{C67AC632-5CA6-4C71-9FCE-9D707EAE960D}"
EndProject
Project("{FAE04EC0-301F-11D3-BF4B-00C04F79EFBC}") = "TreinaWeb.Musicas.Dominio", "TreinaWeb.Musicas.Dominio\TreinaWeb.Musicas.Dominio.csproj", "{A6C05F15-25D6-498F-AD92-9DBACD72AC96}"
EndProject
Project("{2150E333-8FDC-42A3-9474-1A3956D46DE8}") = "Acesso a Dados", "Acesso a Dados", "{49DC9464-9C7F-4A6A-A4F2-2BFD39B20C31}"
EndProject
Project("{FAE04EC0-301F-11D3-BF4B-00C04F79EFBC}") = "TreinaWeb.Musicas.AcessoDados.Entity", "TreinaWeb.Musicas.AcessoDados.Entity\TreinaWeb.Musicas.AcessoDados.Entity.csproj", "{D9D00A23-EDD3-4DE8-9709-D9B2542C8D40}"
EndProject
Project("{FAE04EC0-301F-11D3-BF4B-00C04F79EFBC}") = "TreinaWeb.Musicas.Comum.Entity", "TreinaWeb.Musicas.Comum.Entity\TreinaWeb.Musicas.Comum.Entity.csproj", "{81392627-94BE-417D-8C08-55F1D0CBD94E}"
EndProject
Project("{2150E333-8FDC-42A3-9474-1A3956D46DE8}") = "Repositorios", "Repositorios", "{B111E902-BBDD-46BF-8BBD-484945EE51B5}"
EndProject
Project("{FAE04EC0-301F-11D3-BF4B-00C04F79EFBC}") = "TreinaWeb.Repositorios.Comum", "TreinaWeb.Repositorios.Comum\TreinaWeb.Repositorios.Comum.csproj", "{83A70007-25DF-4068-8DD0-5C5594AB45B0}"
EndProject
Global
	GlobalSection(SolutionConfigurationPlatforms) = preSolution
		Debug|Any CPU = Debug|Any CPU
		Release|Any CPU = Release|Any CPU
	EndGlobalSection
	GlobalSection(ProjectConfigurationPlatforms) = postSolution
		{296B2FDB-B189-4110-9714-1F604FB7D6F8}.Debug|Any CPU.ActiveCfg = Debug|Any CPU
		{296B2FDB-B189-4110-9714-1F604FB7D6F8}.Debug|Any CPU.Build.0 = Debug|Any CPU
		{296B2FDB-B189-4110-9714-1F604FB7D6F8}.Release|Any CPU.ActiveCfg = Release|Any CPU
		{296B2FDB-B189-4110-9714-1F604FB7D6F8}.Release|Any CPU.Build.0 = Release|Any CPU
		{A6C05F15-25D6-498F-AD92-9DBACD72AC96}.Debug|Any CPU.ActiveCfg = Debug|Any CPU
		{A6C05F15-25D6-498F-AD92-9DBACD72AC96}.Debug|Any CPU.Build.0 = Debug|Any CPU
		{A6C05F15-25D6-498F-AD92-9DBACD72AC96}.Release|Any CPU.ActiveCfg = Release|Any CPU
		{A6C05F15-25D6-498F-AD92-9DBACD72AC96}.Release|Any CPU.Build.0 = Release|Any CPU
		{D9D00A23-EDD3-4DE8-9709-D9B2542C8D40}.Debug|Any CPU.ActiveCfg = Debug|Any CPU
		{D9D00A23-EDD3-4DE8-9709-D9B2542C8D40}.Debug|Any CPU.Build.0 = Debug|Any CPU
		{D9D00A23-EDD3-4DE8-9709-D9B2542C8D40}.Release|Any CPU.ActiveCfg = Release|Any CPU
		{D9D00A23-EDD3-4DE8-9709-D9B2542C8D40}.Release|Any CPU.Build.0 = Release|Any CPU
		{81392627-94BE-417D-8C08-55F1D0CBD94E}.Debug|Any CPU.ActiveCfg = Debug|Any CPU
		{81392627-94BE-417D-8C08-55F1D0CBD94E}.Debug|Any CPU.Build.0 = Debug|Any CPU
		{81392627-94BE-417D-8C08-55F1D0CBD94E}.Release|Any CPU.ActiveCfg = Release|Any CPU
		{81392627-94BE-417D-8C08-55F1D0CBD94E}.Release|Any CPU.Build.0 = Release|Any CPU
		{83A70007-25DF-4068-8DD0-5C5594AB45B0}.Debug|Any CPU.ActiveCfg = Debug|Any CPU
		{83A70007-25DF-4068-8DD0-5C5594AB45B0}.Debug|Any CPU.Build.0 = Debug|Any CPU
		{83A70007-25DF-4068-8DD0-5C5594AB45B0}.Release|Any CPU.ActiveCfg = Release|Any CPU
		{83A70007-25DF-4068-8DD0-5C5594AB45B0}.Release|Any CPU.Build.0 = Release|Any CPU
	EndGlobalSection
	GlobalSection(SolutionProperties) = preSolution
		HideSolutionNode = FALSE
	EndGlobalSection
	GlobalSection(NestedProjects) = preSolution
		{A6C05F15-25D6-498F-AD92-9DBACD72AC96} = {C67AC632-5CA6-4C71-9FCE-9D707EAE960D}
		{D9D00A23-EDD3-4DE8-9709-D9B2542C8D40} = {49DC9464-9C7F-4A6A-A4F2-2BFD39B20C31}
		{81392627-94BE-417D-8C08-55F1D0CBD94E} = {49DC9464-9C7F-4A6A-A4F2-2BFD39B20C31}
		{83A70007-25DF-4068-8DD0-5C5594AB45B0} = {B111E902-BBDD-46BF-8BBD-484945EE51B5}
	EndGlobalSection
	GlobalSection(ExtensibilityGlobals) = postSolution
		SolutionGuid = {FCFA1E26-4C7B-485B-A1DF-3F18EEB29546}
	EndGlobalSection
EndGlobal
